
Microsoft Visual Studio Solution File, Format Version 12.00
# Visual Studio Version 17
VisualStudioVersion = 17.5.33530.505
MinimumVisualStudioVersion = 10.0.40219.1
Project("{9A19103F-16F7-4668-BE54-9A1E7A4F7556}") = "Csharp-windows-library.DAL", "Csharp-windows-library.DAL\Csharp-windows-library.DAL.csproj", "{3FABB9D1-8F9F-41E3-AACD-E601F9DDF6C2}"
EndProject
Project("{9A19103F-16F7-4668-BE54-9A1E7A4F7556}") = "Csharp-windows-library.BLL", "Csharp-windows-library.BLL\Csharp-windows-library.BLL.csproj", "{019F2115-6C50-4218-826E-70C0118BEC9A}"
EndProject
Project("{9A19103F-16F7-4668-BE54-9A1E7A4F7556}") = "Csharp-windows-library.PL", "Csharp-windows-library.PL\Csharp-windows-library.PL.csproj", "{E1E4C92C-8F58-4BED-9098-80496B089B79}"
EndProject
Project("{FAE04EC0-301F-11D3-BF4B-00C04F79EFBC}") = "Csharp-windows-library.Contracts", "Csharp-windows-library.Contracts\Csharp-windows-library.Contracts.csproj", "{55F2FB7E-F880-4547-A15F-4538272B292C}"
EndProject
Global
	GlobalSection(SolutionConfigurationPlatforms) = preSolution
		Debug|Any CPU = Debug|Any CPU
		Release|Any CPU = Release|Any CPU
	EndGlobalSection
	GlobalSection(ProjectConfigurationPlatforms) = postSolution
		{3FABB9D1-8F9F-41E3-AACD-E601F9DDF6C2}.Debug|Any CPU.ActiveCfg = Debug|Any CPU
		{3FABB9D1-8F9F-41E3-AACD-E601F9DDF6C2}.Debug|Any CPU.Build.0 = Debug|Any CPU
		{3FABB9D1-8F9F-41E3-AACD-E601F9DDF6C2}.Release|Any CPU.ActiveCfg = Release|Any CPU
		{3FABB9D1-8F9F-41E3-AACD-E601F9DDF6C2}.Release|Any CPU.Build.0 = Release|Any CPU
		{019F2115-6C50-4218-826E-70C0118BEC9A}.Debug|Any CPU.ActiveCfg = Debug|Any CPU
		{019F2115-6C50-4218-826E-70C0118BEC9A}.Debug|Any CPU.Build.0 = Debug|Any CPU
		{019F2115-6C50-4218-826E-70C0118BEC9A}.Release|Any CPU.ActiveCfg = Release|Any CPU
		{019F2115-6C50-4218-826E-70C0118BEC9A}.Release|Any CPU.Build.0 = Release|Any CPU
		{E1E4C92C-8F58-4BED-9098-80496B089B79}.Debug|Any CPU.ActiveCfg = Debug|Any CPU
		{E1E4C92C-8F58-4BED-9098-80496B089B79}.Debug|Any CPU.Build.0 = Debug|Any CPU
		{E1E4C92C-8F58-4BED-9098-80496B089B79}.Release|Any CPU.ActiveCfg = Release|Any CPU
		{E1E4C92C-8F58-4BED-9098-80496B089B79}.Release|Any CPU.Build.0 = Release|Any CPU
		{55F2FB7E-F880-4547-A15F-4538272B292C}.Debug|Any CPU.ActiveCfg = Debug|Any CPU
		{55F2FB7E-F880-4547-A15F-4538272B292C}.Debug|Any CPU.Build.0 = Debug|Any CPU
		{55F2FB7E-F880-4547-A15F-4538272B292C}.Release|Any CPU.ActiveCfg = Release|Any CPU
		{55F2FB7E-F880-4547-A15F-4538272B292C}.Release|Any CPU.Build.0 = Release|Any CPU
	EndGlobalSection
	GlobalSection(SolutionProperties) = preSolution
		HideSolutionNode = FALSE
	EndGlobalSection
	GlobalSection(ExtensibilityGlobals) = postSolution
		SolutionGuid = {2BBAB53D-264E-4BD7-AD08-6D51983A1EB7}
	EndGlobalSection
EndGlobal
